
Microsoft Visual Studio Solution File, Format Version 12.00
# Visual Studio Version 17
VisualStudioVersion = 17.8.34316.72
MinimumVisualStudioVersion = 10.0.40219.1
Project("{FAE04EC0-301F-11D3-BF4B-00C04F79EFBC}") = "PROYECTO FINAL 4SEM", "PROYECTO FINAL 4SEM\PROYECTO FINAL 4SEM.csproj", "{EE57325B-C069-4CB6-9E80-13610D4A310E}"
EndProject
Global
	GlobalSection(SolutionConfigurationPlatforms) = preSolution
		Debug|Any CPU = Debug|Any CPU
		Release|Any CPU = Release|Any CPU
	EndGlobalSection
	GlobalSection(ProjectConfigurationPlatforms) = postSolution
		{EE57325B-C069-4CB6-9E80-13610D4A310E}.Debug|Any CPU.ActiveCfg = Debug|Any CPU
		{EE57325B-C069-4CB6-9E80-13610D4A310E}.Debug|Any CPU.Build.0 = Debug|Any CPU
		{EE57325B-C069-4CB6-9E80-13610D4A310E}.Release|Any CPU.ActiveCfg = Release|Any CPU
		{EE57325B-C069-4CB6-9E80-13610D4A310E}.Release|Any CPU.Build.0 = Release|Any CPU
	EndGlobalSection
	GlobalSection(SolutionProperties) = preSolution
		HideSolutionNode = FALSE
	EndGlobalSection
	GlobalSection(ExtensibilityGlobals) = postSolution
		SolutionGuid = {A7F0193B-FB73-4F6B-A08D-E947DB1CA713}
	EndGlobalSection
EndGlobal
